{
  "version": 4,
  "terraform_version": "1.13.4",
  "serial": 1,
  "lineage": "93909f12-0ba2-6ac3-9153-df2a5b559233",
  "outputs": {},
  "resources": [
    {
      "mode": "managed",
      "type": "aws_vpc",
      "name": "my_vpc",
      "provider": "provider[\"registry.terraform.io/hashicorp/aws\"]",
      "instances": [
        {
          "schema_version": 1,
          "attributes": {
            "arn": "arn:aws:ec2:us-east-1:328307993439:vpc/vpc-0ac01a71e3c587843",
            "assign_generated_ipv6_cidr_block": false,
            "cidr_block": "10.0.0.0/16",
            "default_network_acl_id": "acl-0f729057adff70d7c",
            "default_route_table_id": "rtb-03179510cb298cdcd",
            "default_security_group_id": "sg-0b8ad86a6f077c5ea",
            "dhcp_options_id": "dopt-06b1ca35e5ea1dc1f",
            "enable_dns_hostnames": false,
            "enable_dns_support": true,
            "enable_network_address_usage_metrics": false,
            "id": "vpc-0ac01a71e3c587843",
            "instance_tenancy": "default",
            "ipv4_ipam_pool_id": null,
            "ipv4_netmask_length": null,
            "ipv6_association_id": "",
            "ipv6_cidr_block": "",
            "ipv6_cidr_block_network_border_group": "",
            "ipv6_ipam_pool_id": "",
            "ipv6_netmask_length": 0,
            "main_route_table_id": "rtb-03179510cb298cdcd",
            "owner_id": "328307993439",
            "region": "us-east-1",
            "tags": {
              "Name": "test-VPC"
            },
            "tags_all": {
              "Name": "test-VPC"
            }
          },
          "sensitive_attributes": [],
          "identity_schema_version": 0,
          "identity": {
            "account_id": "328307993439",
            "id": "vpc-0ac01a71e3c587843",
            "region": "us-east-1"
          },
          "private": "eyJzY2hlbWFfdmVyc2lvbiI6IjEifQ=="
        }
      ]
    }
  ],
  "check_results": null
}
